
Microsoft Visual Studio Solution File, Format Version 12.00
# Visual Studio Version 16
VisualStudioVersion = 16.0.31005.135
MinimumVisualStudioVersion = 15.0.26124.0
Project("{9A19103F-16F7-4668-BE54-9A1E7A4F7556}") = "BookStore.Domain", "BookStore.Domain\BookStore.Domain.csproj", "{0796CD8B-EF66-4EC6-8D17-53AF6EE0B9A9}"
EndProject
Project("{9A19103F-16F7-4668-BE54-9A1E7A4F7556}") = "BookStore.Tests", "BookStore.Tests\BookStore.Tests.csproj", "{726A432B-30C0-4CCD-BBD1-E5484D422ADC}"
EndProject
Project("{9A19103F-16F7-4668-BE54-9A1E7A4F7556}") = "BookStore.DataAccess", "BookStore.DataAccess\BookStore.DataAccess.csproj", "{5CDBE2E6-7E15-48C3-86AB-4592FCFDBB3C}"
EndProject
Project("{FAE04EC0-301F-11D3-BF4B-00C04F79EFBC}") = "BookStore.ConsoleApp", "BookStore.ConsoleApp\BookStore.ConsoleApp.csproj", "{36D21E57-C178-47AB-99F5-A3390E04515D}"
EndProject
Project("{FAE04EC0-301F-11D3-BF4B-00C04F79EFBC}") = "BookStore.Services", "BookStore.Services\BookStore.Services.csproj", "{CCC96A09-6567-4BFD-B99E-F375E9A54916}"
EndProject
Global
	GlobalSection(SolutionConfigurationPlatforms) = preSolution
		Debug|Any CPU = Debug|Any CPU
		Debug|x64 = Debug|x64
		Debug|x86 = Debug|x86
		Release|Any CPU = Release|Any CPU
		Release|x64 = Release|x64
		Release|x86 = Release|x86
	EndGlobalSection
	GlobalSection(ProjectConfigurationPlatforms) = postSolution
		{0796CD8B-EF66-4EC6-8D17-53AF6EE0B9A9}.Debug|Any CPU.ActiveCfg = Debug|Any CPU
		{0796CD8B-EF66-4EC6-8D17-53AF6EE0B9A9}.Debug|Any CPU.Build.0 = Debug|Any CPU
		{0796CD8B-EF66-4EC6-8D17-53AF6EE0B9A9}.Debug|x64.ActiveCfg = Debug|Any CPU
		{0796CD8B-EF66-4EC6-8D17-53AF6EE0B9A9}.Debug|x64.Build.0 = Debug|Any CPU
		{0796CD8B-EF66-4EC6-8D17-53AF6EE0B9A9}.Debug|x86.ActiveCfg = Debug|Any CPU
		{0796CD8B-EF66-4EC6-8D17-53AF6EE0B9A9}.Debug|x86.Build.0 = Debug|Any CPU
		{0796CD8B-EF66-4EC6-8D17-53AF6EE0B9A9}.Release|Any CPU.ActiveCfg = Release|Any CPU
		{0796CD8B-EF66-4EC6-8D17-53AF6EE0B9A9}.Release|Any CPU.Build.0 = Release|Any CPU
		{0796CD8B-EF66-4EC6-8D17-53AF6EE0B9A9}.Release|x64.ActiveCfg = Release|Any CPU
		{0796CD8B-EF66-4EC6-8D17-53AF6EE0B9A9}.Release|x64.Build.0 = Release|Any CPU
		{0796CD8B-EF66-4EC6-8D17-53AF6EE0B9A9}.Release|x86.ActiveCfg = Release|Any CPU
		{0796CD8B-EF66-4EC6-8D17-53AF6EE0B9A9}.Release|x86.Build.0 = Release|Any CPU
		{726A432B-30C0-4CCD-BBD1-E5484D422ADC}.Debug|Any CPU.ActiveCfg = Debug|Any CPU
		{726A432B-30C0-4CCD-BBD1-E5484D422ADC}.Debug|Any CPU.Build.0 = Debug|Any CPU
		{726A432B-30C0-4CCD-BBD1-E5484D422ADC}.Debug|x64.ActiveCfg = Debug|Any CPU
		{726A432B-30C0-4CCD-BBD1-E5484D422ADC}.Debug|x64.Build.0 = Debug|Any CPU
		{726A432B-30C0-4CCD-BBD1-E5484D422ADC}.Debug|x86.ActiveCfg = Debug|Any CPU
		{726A432B-30C0-4CCD-BBD1-E5484D422ADC}.Debug|x86.Build.0 = Debug|Any CPU
		{726A432B-30C0-4CCD-BBD1-E5484D422ADC}.Release|Any CPU.ActiveCfg = Release|Any CPU
		{726A432B-30C0-4CCD-BBD1-E5484D422ADC}.Release|Any CPU.Build.0 = Release|Any CPU
		{726A432B-30C0-4CCD-BBD1-E5484D422ADC}.Release|x64.ActiveCfg = Release|Any CPU
		{726A432B-30C0-4CCD-BBD1-E5484D422ADC}.Release|x64.Build.0 = Release|Any CPU
		{726A432B-30C0-4CCD-BBD1-E5484D422ADC}.Release|x86.ActiveCfg = Release|Any CPU
		{726A432B-30C0-4CCD-BBD1-E5484D422ADC}.Release|x86.Build.0 = Release|Any CPU
		{5CDBE2E6-7E15-48C3-86AB-4592FCFDBB3C}.Debug|Any CPU.ActiveCfg = Debug|Any CPU
		{5CDBE2E6-7E15-48C3-86AB-4592FCFDBB3C}.Debug|Any CPU.Build.0 = Debug|Any CPU
		{5CDBE2E6-7E15-48C3-86AB-4592FCFDBB3C}.Debug|x64.ActiveCfg = Debug|Any CPU
		{5CDBE2E6-7E15-48C3-86AB-4592FCFDBB3C}.Debug|x64.Build.0 = Debug|Any CPU
		{5CDBE2E6-7E15-48C3-86AB-4592FCFDBB3C}.Debug|x86.ActiveCfg = Debug|Any CPU
		{5CDBE2E6-7E15-48C3-86AB-4592FCFDBB3C}.Debug|x86.Build.0 = Debug|Any CPU
		{5CDBE2E6-7E15-48C3-86AB-4592FCFDBB3C}.Release|Any CPU.ActiveCfg = Release|Any CPU
		{5CDBE2E6-7E15-48C3-86AB-4592FCFDBB3C}.Release|Any CPU.Build.0 = Release|Any CPU
		{5CDBE2E6-7E15-48C3-86AB-4592FCFDBB3C}.Release|x64.ActiveCfg = Release|Any CPU
		{5CDBE2E6-7E15-48C3-86AB-4592FCFDBB3C}.Release|x64.Build.0 = Release|Any CPU
		{5CDBE2E6-7E15-48C3-86AB-4592FCFDBB3C}.Release|x86.ActiveCfg = Release|Any CPU
		{5CDBE2E6-7E15-48C3-86AB-4592FCFDBB3C}.Release|x86.Build.0 = Release|Any CPU
		{36D21E57-C178-47AB-99F5-A3390E04515D}.Debug|Any CPU.ActiveCfg = Debug|Any CPU
		{36D21E57-C178-47AB-99F5-A3390E04515D}.Debug|Any CPU.Build.0 = Debug|Any CPU
		{36D21E57-C178-47AB-99F5-A3390E04515D}.Debug|x64.ActiveCfg = Debug|Any CPU
		{36D21E57-C178-47AB-99F5-A3390E04515D}.Debug|x64.Build.0 = Debug|Any CPU
		{36D21E57-C178-47AB-99F5-A3390E04515D}.Debug|x86.ActiveCfg = Debug|Any CPU
		{36D21E57-C178-47AB-99F5-A3390E04515D}.Debug|x86.Build.0 = Debug|Any CPU
		{36D21E57-C178-47AB-99F5-A3390E04515D}.Release|Any CPU.ActiveCfg = Release|Any CPU
		{36D21E57-C178-47AB-99F5-A3390E04515D}.Release|Any CPU.Build.0 = Release|Any CPU
		{36D21E57-C178-47AB-99F5-A3390E04515D}.Release|x64.ActiveCfg = Release|Any CPU
		{36D21E57-C178-47AB-99F5-A3390E04515D}.Release|x64.Build.0 = Release|Any CPU
		{36D21E57-C178-47AB-99F5-A3390E04515D}.Release|x86.ActiveCfg = Release|Any CPU
		{36D21E57-C178-47AB-99F5-A3390E04515D}.Release|x86.Build.0 = Release|Any CPU
		{CCC96A09-6567-4BFD-B99E-F375E9A54916}.Debug|Any CPU.ActiveCfg = Debug|Any CPU
		{CCC96A09-6567-4BFD-B99E-F375E9A54916}.Debug|Any CPU.Build.0 = Debug|Any CPU
		{CCC96A09-6567-4BFD-B99E-F375E9A54916}.Debug|x64.ActiveCfg = Debug|Any CPU
		{CCC96A09-6567-4BFD-B99E-F375E9A54916}.Debug|x64.Build.0 = Debug|Any CPU
		{CCC96A09-6567-4BFD-B99E-F375E9A54916}.Debug|x86.ActiveCfg = Debug|Any CPU
		{CCC96A09-6567-4BFD-B99E-F375E9A54916}.Debug|x86.Build.0 = Debug|Any CPU
		{CCC96A09-6567-4BFD-B99E-F375E9A54916}.Release|Any CPU.ActiveCfg = Release|Any CPU
		{CCC96A09-6567-4BFD-B99E-F375E9A54916}.Release|Any CPU.Build.0 = Release|Any CPU
		{CCC96A09-6567-4BFD-B99E-F375E9A54916}.Release|x64.ActiveCfg = Release|Any CPU
		{CCC96A09-6567-4BFD-B99E-F375E9A54916}.Release|x64.Build.0 = Release|Any CPU
		{CCC96A09-6567-4BFD-B99E-F375E9A54916}.Release|x86.ActiveCfg = Release|Any CPU
		{CCC96A09-6567-4BFD-B99E-F375E9A54916}.Release|x86.Build.0 = Release|Any CPU
	EndGlobalSection
	GlobalSection(SolutionProperties) = preSolution
		HideSolutionNode = FALSE
	EndGlobalSection
	GlobalSection(ExtensibilityGlobals) = postSolution
		SolutionGuid = {D6DA21DE-D1CF-4A01-B8FD-2DCA1DC3DE5F}
	EndGlobalSection
EndGlobal
